
Microsoft Visual Studio Solution File, Format Version 12.00
# Visual Studio Version 16
VisualStudioVersion = 16.0.29613.14
MinimumVisualStudioVersion = 10.0.40219.1
Project("{FAE04EC0-301F-11D3-BF4B-00C04F79EFBC}") = "Bangazon-RedJags", "Bangazon-RedJags.csproj", "{EB61F570-B99E-4887-84B7-40F30E9E0B81}"
EndProject
Global
	GlobalSection(SolutionConfigurationPlatforms) = preSolution
		Debug|Any CPU = Debug|Any CPU
		Release|Any CPU = Release|Any CPU
	EndGlobalSection
	GlobalSection(ProjectConfigurationPlatforms) = postSolution
		{EB61F570-B99E-4887-84B7-40F30E9E0B81}.Debug|Any CPU.ActiveCfg = Debug|Any CPU
		{EB61F570-B99E-4887-84B7-40F30E9E0B81}.Debug|Any CPU.Build.0 = Debug|Any CPU
		{EB61F570-B99E-4887-84B7-40F30E9E0B81}.Release|Any CPU.ActiveCfg = Release|Any CPU
		{EB61F570-B99E-4887-84B7-40F30E9E0B81}.Release|Any CPU.Build.0 = Release|Any CPU
	EndGlobalSection
	GlobalSection(SolutionProperties) = preSolution
		HideSolutionNode = FALSE
	EndGlobalSection
	GlobalSection(ExtensibilityGlobals) = postSolution
		SolutionGuid = {B70E2527-437D-4CDC-9F34-183EE99F27E6}
	EndGlobalSection
EndGlobal
