
Microsoft Visual Studio Solution File, Format Version 12.00
# Visual Studio Version 16
VisualStudioVersion = 16.0.29613.14
MinimumVisualStudioVersion = 10.0.40219.1
Project("{9A19103F-16F7-4668-BE54-9A1E7A4F7556}") = "Bangazon-RedJags", "Bangazon-RedJags.csproj", "{66311DF7-1712-42C2-BA97-A6E72F77E8EC}"
EndProject
Global
	GlobalSection(SolutionConfigurationPlatforms) = preSolution
		Debug|Any CPU = Debug|Any CPU
		Release|Any CPU = Release|Any CPU
	EndGlobalSection
	GlobalSection(ProjectConfigurationPlatforms) = postSolution
		{66311DF7-1712-42C2-BA97-A6E72F77E8EC}.Debug|Any CPU.ActiveCfg = Debug|Any CPU
		{66311DF7-1712-42C2-BA97-A6E72F77E8EC}.Debug|Any CPU.Build.0 = Debug|Any CPU
		{66311DF7-1712-42C2-BA97-A6E72F77E8EC}.Release|Any CPU.ActiveCfg = Release|Any CPU
		{66311DF7-1712-42C2-BA97-A6E72F77E8EC}.Release|Any CPU.Build.0 = Release|Any CPU
	EndGlobalSection
	GlobalSection(SolutionProperties) = preSolution
		HideSolutionNode = FALSE
	EndGlobalSection
	GlobalSection(ExtensibilityGlobals) = postSolution
		SolutionGuid = {93C0E51B-C8E7-42EA-98DC-D92EE02691B1}
	EndGlobalSection
EndGlobal
